Microsoft Visual Studio Solution File, Format Version 12.00
# Visual Studio 2012
Project("{FAE04EC0-301F-11D3-BF4B-00C04F79EFBC}") = "JavaBean", "JavaBean.csproj", "{059E3C6B-85FF-40F2-BD55-149652A776FC}"
EndProject
Global
	GlobalSection(SolutionConfigurationPlatforms) = preSolution
	Debug|Any CPU = Debug|Any CPU
	ExportDebug|Any CPU = ExportDebug|Any CPU
	ExportRelease|Any CPU = ExportRelease|Any CPU
	EndGlobalSection
	GlobalSection(ProjectConfigurationPlatforms) = postSolution
		{059E3C6B-85FF-40F2-BD55-149652A776FC}.Debug|Any CPU.ActiveCfg = Debug|Any CPU
		{059E3C6B-85FF-40F2-BD55-149652A776FC}.Debug|Any CPU.Build.0 = Debug|Any CPU
		{059E3C6B-85FF-40F2-BD55-149652A776FC}.ExportDebug|Any CPU.ActiveCfg = ExportDebug|Any CPU
		{059E3C6B-85FF-40F2-BD55-149652A776FC}.ExportDebug|Any CPU.Build.0 = ExportDebug|Any CPU
		{059E3C6B-85FF-40F2-BD55-149652A776FC}.ExportRelease|Any CPU.ActiveCfg = ExportRelease|Any CPU
		{059E3C6B-85FF-40F2-BD55-149652A776FC}.ExportRelease|Any CPU.Build.0 = ExportRelease|Any CPU
	EndGlobalSection
EndGlobal
